
Microsoft Visual Studio Solution File, Format Version 12.00
Project("{FAE04EC0-301F-11D3-BF4B-00C04F79EFBC}") = "Dopusteam.Education.AspNetCore.Filters", "Dopusteam.Education.AspNetCore.Filters\Dopusteam.Education.AspNetCore.Filters.csproj", "{2D9237C2-2455-4213-AE7E-468F1223CBCB}"
EndProject
Global
	GlobalSection(SolutionConfigurationPlatforms) = preSolution
		Debug|Any CPU = Debug|Any CPU
		Release|Any CPU = Release|Any CPU
	EndGlobalSection
	GlobalSection(ProjectConfigurationPlatforms) = postSolution
		{2D9237C2-2455-4213-AE7E-468F1223CBCB}.Debug|Any CPU.ActiveCfg = Debug|Any CPU
		{2D9237C2-2455-4213-AE7E-468F1223CBCB}.Debug|Any CPU.Build.0 = Debug|Any CPU
		{2D9237C2-2455-4213-AE7E-468F1223CBCB}.Release|Any CPU.ActiveCfg = Release|Any CPU
		{2D9237C2-2455-4213-AE7E-468F1223CBCB}.Release|Any CPU.Build.0 = Release|Any CPU
	EndGlobalSection
EndGlobal
